
Microsoft Visual Studio Solution File, Format Version 12.00
# Visual Studio 14
VisualStudioVersion = 14.0.25420.1
MinimumVisualStudioVersion = 10.0.40219.1
Project("{FAE04EC0-301F-11D3-BF4B-00C04F79EFBC}") = "App3", "App3\App3\App3.csproj", "{42CBF324-16DC-4228-940B-FAD550195181}"
EndProject
Project("{FAE04EC0-301F-11D3-BF4B-00C04F79EFBC}") = "App3.Droid", "App3\App3.Droid\App3.Droid.csproj", "{D30E1961-A617-473C-9776-FED2C11B2DFF}"
EndProject
Project("{FAE04EC0-301F-11D3-BF4B-00C04F79EFBC}") = "App3.iOS", "App3\App3.iOS\App3.iOS.csproj", "{4B17601E-8F14-4736-8A62-D415240C741E}"
EndProject
Project("{FAE04EC0-301F-11D3-BF4B-00C04F79EFBC}") = "App3.WinPhone", "App3\App3.WinPhone\App3.WinPhone.csproj", "{3687776A-F192-492A-A812-A65D9DE10E21}"
EndProject
Project("{FAE04EC0-301F-11D3-BF4B-00C04F79EFBC}") = "App3.UWP", "App3\App3.UWP\App3.UWP.csproj", "{9E5E78B4-5261-4CE0-9E96-010D19C3B080}"
EndProject
Project("{FAE04EC0-301F-11D3-BF4B-00C04F79EFBC}") = "App3.Windows", "App3\App3.Windows\App3.Windows.csproj", "{959DF689-293C-4E96-9DA0-24897BFDAB53}"
EndProject
Global
	GlobalSection(SolutionConfigurationPlatforms) = preSolution
		Ad-Hoc|Any CPU = Ad-Hoc|Any CPU
		Ad-Hoc|ARM = Ad-Hoc|ARM
		Ad-Hoc|iPhone = Ad-Hoc|iPhone
		Ad-Hoc|iPhoneSimulator = Ad-Hoc|iPhoneSimulator
		Ad-Hoc|x64 = Ad-Hoc|x64
		Ad-Hoc|x86 = Ad-Hoc|x86
		AppStore|Any CPU = AppStore|Any CPU
		AppStore|ARM = AppStore|ARM
		AppStore|iPhone = AppStore|iPhone
		AppStore|iPhoneSimulator = AppStore|iPhoneSimulator
		AppStore|x64 = AppStore|x64
		AppStore|x86 = AppStore|x86
		Debug|Any CPU = Debug|Any CPU
		Debug|ARM = Debug|ARM
		Debug|iPhone = Debug|iPhone
		Debug|iPhoneSimulator = Debug|iPhoneSimulator
		Debug|x64 = Debug|x64
		Debug|x86 = Debug|x86
		Release|Any CPU = Release|Any CPU
		Release|ARM = Release|ARM
		Release|iPhone = Release|iPhone
		Release|iPhoneSimulator = Release|iPhoneSimulator
		Release|x64 = Release|x64
		Release|x86 = Release|x86
	EndGlobalSection
	GlobalSection(ProjectConfigurationPlatforms) = postSolution
		{42CBF324-16DC-4228-940B-FAD550195181}.Ad-Hoc|Any CPU.ActiveCfg = Release|Any CPU
		{42CBF324-16DC-4228-940B-FAD550195181}.Ad-Hoc|Any CPU.Build.0 = Release|Any CPU
		{42CBF324-16DC-4228-940B-FAD550195181}.Ad-Hoc|ARM.ActiveCfg = Release|Any CPU
		{42CBF324-16DC-4228-940B-FAD550195181}.Ad-Hoc|ARM.Build.0 = Release|Any CPU
		{42CBF324-16DC-4228-940B-FAD550195181}.Ad-Hoc|iPhone.ActiveCfg = Release|Any CPU
		{42CBF324-16DC-4228-940B-FAD550195181}.Ad-Hoc|iPhone.Build.0 = Release|Any CPU
		{42CBF324-16DC-4228-940B-FAD550195181}.Ad-Hoc|iPhoneSimulator.ActiveCfg = Release|Any CPU
		{42CBF324-16DC-4228-940B-FAD550195181}.Ad-Hoc|iPhoneSimulator.Build.0 = Release|Any CPU
		{42CBF324-16DC-4228-940B-FAD550195181}.Ad-Hoc|x64.ActiveCfg = Release|Any CPU
		{42CBF324-16DC-4228-940B-FAD550195181}.Ad-Hoc|x64.Build.0 = Release|Any CPU
		{42CBF324-16DC-4228-940B-FAD550195181}.Ad-Hoc|x86.ActiveCfg = Release|Any CPU
		{42CBF324-16DC-4228-940B-FAD550195181}.Ad-Hoc|x86.Build.0 = Release|Any CPU
		{42CBF324-16DC-4228-940B-FAD550195181}.AppStore|Any CPU.ActiveCfg = Release|Any CPU
		{42CBF324-16DC-4228-940B-FAD550195181}.AppStore|Any CPU.Build.0 = Release|Any CPU
		{42CBF324-16DC-4228-940B-FAD550195181}.AppStore|ARM.ActiveCfg = Release|Any CPU
		{42CBF324-16DC-4228-940B-FAD550195181}.AppStore|ARM.Build.0 = Release|Any CPU
		{42CBF324-16DC-4228-940B-FAD550195181}.AppStore|iPhone.ActiveCfg = Release|Any CPU
		{42CBF324-16DC-4228-940B-FAD550195181}.AppStore|iPhone.Build.0 = Release|Any CPU
		{42CBF324-16DC-4228-940B-FAD550195181}.AppStore|iPhoneSimulator.ActiveCfg = Release|Any CPU
		{42CBF324-16DC-4228-940B-FAD550195181}.AppStore|iPhoneSimulator.Build.0 = Release|Any CPU
		{42CBF324-16DC-4228-940B-FAD550195181}.AppStore|x64.ActiveCfg = Release|Any CPU
		{42CBF324-16DC-4228-940B-FAD550195181}.AppStore|x64.Build.0 = Release|Any CPU
		{42CBF324-16DC-4228-940B-FAD550195181}.AppStore|x86.ActiveCfg = Release|Any CPU
		{42CBF324-16DC-4228-940B-FAD550195181}.AppStore|x86.Build.0 = Release|Any CPU
		{42CBF324-16DC-4228-940B-FAD550195181}.Debug|Any CPU.ActiveCfg = Debug|Any CPU
		{42CBF324-16DC-4228-940B-FAD550195181}.Debug|Any CPU.Build.0 = Debug|Any CPU
		{42CBF324-16DC-4228-940B-FAD550195181}.Debug|ARM.ActiveCfg = Debug|Any CPU
		{42CBF324-16DC-4228-940B-FAD550195181}.Debug|ARM.Build.0 = Debug|Any CPU
		{42CBF324-16DC-4228-940B-FAD550195181}.Debug|iPhone.ActiveCfg = Debug|Any CPU
		{42CBF324-16DC-4228-940B-FAD550195181}.Debug|iPhone.Build.0 = Debug|Any CPU
		{42CBF324-16DC-4228-940B-FAD550195181}.Debug|iPhoneSimulator.ActiveCfg = Debug|Any CPU
		{42CBF324-16DC-4228-940B-FAD550195181}.Debug|iPhoneSimulator.Build.0 = Debug|Any CPU
		{42CBF324-16DC-4228-940B-FAD550195181}.Debug|x64.ActiveCfg = Debug|Any CPU
		{42CBF324-16DC-4228-940B-FAD550195181}.Debug|x64.Build.0 = Debug|Any CPU
		{42CBF324-16DC-4228-940B-FAD550195181}.Debug|x86.ActiveCfg = Debug|Any CPU
		{42CBF324-16DC-4228-940B-FAD550195181}.Debug|x86.Build.0 = Debug|Any CPU
		{42CBF324-16DC-4228-940B-FAD550195181}.Release|Any CPU.ActiveCfg = Release|Any CPU
		{42CBF324-16DC-4228-940B-FAD550195181}.Release|Any CPU.Build.0 = Release|Any CPU
		{42CBF324-16DC-4228-940B-FAD550195181}.Release|ARM.ActiveCfg = Release|Any CPU
		{42CBF324-16DC-4228-940B-FAD550195181}.Release|ARM.Build.0 = Release|Any CPU
		{42CBF324-16DC-4228-940B-FAD550195181}.Release|iPhone.ActiveCfg = Release|Any CPU
		{42CBF324-16DC-4228-940B-FAD550195181}.Release|iPhone.Build.0 = Release|Any CPU
		{42CBF324-16DC-4228-940B-FAD550195181}.Release|iPhoneSimulator.ActiveCfg = Release|Any CPU
		{42CBF324-16DC-4228-940B-FAD550195181}.Release|iPhoneSimulator.Build.0 = Release|Any CPU
		{42CBF324-16DC-4228-940B-FAD550195181}.Release|x64.ActiveCfg = Release|Any CPU
		{42CBF324-16DC-4228-940B-FAD550195181}.Release|x64.Build.0 = Release|Any CPU
		{42CBF324-16DC-4228-940B-FAD550195181}.Release|x86.ActiveCfg = Release|Any CPU
		{42CBF324-16DC-4228-940B-FAD550195181}.Release|x86.Build.0 = Release|Any CPU
		{D30E1961-A617-473C-9776-FED2C11B2DFF}.Ad-Hoc|Any CPU.ActiveCfg = Release|Any CPU
		{D30E1961-A617-473C-9776-FED2C11B2DFF}.Ad-Hoc|Any CPU.Build.0 = Release|Any CPU
		{D30E1961-A617-473C-9776-FED2C11B2DFF}.Ad-Hoc|Any CPU.Deploy.0 = Release|Any CPU
		{D30E1961-A617-473C-9776-FED2C11B2DFF}.Ad-Hoc|ARM.ActiveCfg = Release|Any CPU
		{D30E1961-A617-473C-9776-FED2C11B2DFF}.Ad-Hoc|ARM.Build.0 = Release|Any CPU
		{D30E1961-A617-473C-9776-FED2C11B2DFF}.Ad-Hoc|ARM.Deploy.0 = Release|Any CPU
		{D30E1961-A617-473C-9776-FED2C11B2DFF}.Ad-Hoc|iPhone.ActiveCfg = Release|Any CPU
		{D30E1961-A617-473C-9776-FED2C11B2DFF}.Ad-Hoc|iPhone.Build.0 = Release|Any CPU
		{D30E1961-A617-473C-9776-FED2C11B2DFF}.Ad-Hoc|iPhone.Deploy.0 = Release|Any CPU
		{D30E1961-A617-473C-9776-FED2C11B2DFF}.Ad-Hoc|iPhoneSimulator.ActiveCfg = Release|Any CPU
		{D30E1961-A617-473C-9776-FED2C11B2DFF}.Ad-Hoc|iPhoneSimulator.Build.0 = Release|Any CPU
		{D30E1961-A617-473C-9776-FED2C11B2DFF}.Ad-Hoc|iPhoneSimulator.Deploy.0 = Release|Any CPU
		{D30E1961-A617-473C-9776-FED2C11B2DFF}.Ad-Hoc|x64.ActiveCfg = Release|Any CPU
		{D30E1961-A617-473C-9776-FED2C11B2DFF}.Ad-Hoc|x64.Build.0 = Release|Any CPU
		{D30E1961-A617-473C-9776-FED2C11B2DFF}.Ad-Hoc|x64.Deploy.0 = Release|Any CPU
		{D30E1961-A617-473C-9776-FED2C11B2DFF}.Ad-Hoc|x86.ActiveCfg = Release|Any CPU
		{D30E1961-A617-473C-9776-FED2C11B2DFF}.Ad-Hoc|x86.Build.0 = Release|Any CPU
		{D30E1961-A617-473C-9776-FED2C11B2DFF}.Ad-Hoc|x86.Deploy.0 = Release|Any CPU
		{D30E1961-A617-473C-9776-FED2C11B2DFF}.AppStore|Any CPU.ActiveCfg = Release|Any CPU
		{D30E1961-A617-473C-9776-FED2C11B2DFF}.AppStore|Any CPU.Build.0 = Release|Any CPU
		{D30E1961-A617-473C-9776-FED2C11B2DFF}.AppStore|Any CPU.Deploy.0 = Release|Any CPU
		{D30E1961-A617-473C-9776-FED2C11B2DFF}.AppStore|ARM.ActiveCfg = Release|Any CPU
		{D30E1961-A617-473C-9776-FED2C11B2DFF}.AppStore|ARM.Build.0 = Release|Any CPU
		{D30E1961-A617-473C-9776-FED2C11B2DFF}.AppStore|ARM.Deploy.0 = Release|Any CPU
		{D30E1961-A617-473C-9776-FED2C11B2DFF}.AppStore|iPhone.ActiveCfg = Release|Any CPU
		{D30E1961-A617-473C-9776-FED2C11B2DFF}.AppStore|iPhone.Build.0 = Release|Any CPU
		{D30E1961-A617-473C-9776-FED2C11B2DFF}.AppStore|iPhone.Deploy.0 = Release|Any CPU
		{D30E1961-A617-473C-9776-FED2C11B2DFF}.AppStore|iPhoneSimulator.ActiveCfg = Release|Any CPU
		{D30E1961-A617-473C-9776-FED2C11B2DFF}.AppStore|iPhoneSimulator.Build.0 = Release|Any CPU
		{D30E1961-A617-473C-9776-FED2C11B2DFF}.AppStore|iPhoneSimulator.Deploy.0 = Release|Any CPU
		{D30E1961-A617-473C-9776-FED2C11B2DFF}.AppStore|x64.ActiveCfg = Release|Any CPU
		{D30E1961-A617-473C-9776-FED2C11B2DFF}.AppStore|x64.Build.0 = Release|Any CPU
		{D30E1961-A617-473C-9776-FED2C11B2DFF}.AppStore|x64.Deploy.0 = Release|Any CPU
		{D30E1961-A617-473C-9776-FED2C11B2DFF}.AppStore|x86.ActiveCfg = Release|Any CPU
		{D30E1961-A617-473C-9776-FED2C11B2DFF}.AppStore|x86.Build.0 = Release|Any CPU
		{D30E1961-A617-473C-9776-FED2C11B2DFF}.AppStore|x86.Deploy.0 = Release|Any CPU
		{D30E1961-A617-473C-9776-FED2C11B2DFF}.Debug|Any CPU.ActiveCfg = Debug|Any CPU
		{D30E1961-A617-473C-9776-FED2C11B2DFF}.Debug|Any CPU.Build.0 = Debug|Any CPU
		{D30E1961-A617-473C-9776-FED2C11B2DFF}.Debug|Any CPU.Deploy.0 = Debug|Any CPU
		{D30E1961-A617-473C-9776-FED2C11B2DFF}.Debug|ARM.ActiveCfg = Debug|Any CPU
		{D30E1961-A617-473C-9776-FED2C11B2DFF}.Debug|ARM.Build.0 = Debug|Any CPU
		{D30E1961-A617-473C-9776-FED2C11B2DFF}.Debug|ARM.Deploy.0 = Debug|Any CPU
		{D30E1961-A617-473C-9776-FED2C11B2DFF}.Debug|iPhone.ActiveCfg = Debug|Any CPU
		{D30E1961-A617-473C-9776-FED2C11B2DFF}.Debug|iPhone.Build.0 = Debug|Any CPU
		{D30E1961-A617-473C-9776-FED2C11B2DFF}.Debug|iPhone.Deploy.0 = Debug|Any CPU
		{D30E1961-A617-473C-9776-FED2C11B2DFF}.Debug|iPhoneSimulator.ActiveCfg = Debug|Any CPU
		{D30E1961-A617-473C-9776-FED2C11B2DFF}.Debug|iPhoneSimulator.Build.0 = Debug|Any CPU
		{D30E1961-A617-473C-9776-FED2C11B2DFF}.Debug|iPhoneSimulator.Deploy.0 = Debug|Any CPU
		{D30E1961-A617-473C-9776-FED2C11B2DFF}.Debug|x64.ActiveCfg = Debug|Any CPU
		{D30E1961-A617-473C-9776-FED2C11B2DFF}.Debug|x64.Build.0 = Debug|Any CPU
		{D30E1961-A617-473C-9776-FED2C11B2DFF}.Debug|x64.Deploy.0 = Debug|Any CPU
		{D30E1961-A617-473C-9776-FED2C11B2DFF}.Debug|x86.ActiveCfg = Debug|Any CPU
		{D30E1961-A617-473C-9776-FED2C11B2DFF}.Debug|x86.Build.0 = Debug|Any CPU
		{D30E1961-A617-473C-9776-FED2C11B2DFF}.Debug|x86.Deploy.0 = Debug|Any CPU
		{D30E1961-A617-473C-9776-FED2C11B2DFF}.Release|Any CPU.ActiveCfg = Release|Any CPU
		{D30E1961-A617-473C-9776-FED2C11B2DFF}.Release|Any CPU.Build.0 = Release|Any CPU
		{D30E1961-A617-473C-9776-FED2C11B2DFF}.Release|Any CPU.Deploy.0 = Release|Any CPU
		{D30E1961-A617-473C-9776-FED2C11B2DFF}.Release|ARM.ActiveCfg = Release|Any CPU
		{D30E1961-A617-473C-9776-FED2C11B2DFF}.Release|ARM.Build.0 = Release|Any CPU
		{D30E1961-A617-473C-9776-FED2C11B2DFF}.Release|ARM.Deploy.0 = Release|Any CPU
		{D30E1961-A617-473C-9776-FED2C11B2DFF}.Release|iPhone.ActiveCfg = Release|Any CPU
		{D30E1961-A617-473C-9776-FED2C11B2DFF}.Release|iPhone.Build.0 = Release|Any CPU
		{D30E1961-A617-473C-9776-FED2C11B2DFF}.Release|iPhone.Deploy.0 = Release|Any CPU
		{D30E1961-A617-473C-9776-FED2C11B2DFF}.Release|iPhoneSimulator.ActiveCfg = Release|Any CPU
		{D30E1961-A617-473C-9776-FED2C11B2DFF}.Release|iPhoneSimulator.Build.0 = Release|Any CPU
		{D30E1961-A617-473C-9776-FED2C11B2DFF}.Release|iPhoneSimulator.Deploy.0 = Release|Any CPU
		{D30E1961-A617-473C-9776-FED2C11B2DFF}.Release|x64.ActiveCfg = Release|Any CPU
		{D30E1961-A617-473C-9776-FED2C11B2DFF}.Release|x64.Build.0 = Release|Any CPU
		{D30E1961-A617-473C-9776-FED2C11B2DFF}.Release|x64.Deploy.0 = Release|Any CPU
		{D30E1961-A617-473C-9776-FED2C11B2DFF}.Release|x86.ActiveCfg = Release|Any CPU
		{D30E1961-A617-473C-9776-FED2C11B2DFF}.Release|x86.Build.0 = Release|Any CPU
		{D30E1961-A617-473C-9776-FED2C11B2DFF}.Release|x86.Deploy.0 = Release|Any CPU
		{4B17601E-8F14-4736-8A62-D415240C741E}.Ad-Hoc|Any CPU.ActiveCfg = Ad-Hoc|iPhone
		{4B17601E-8F14-4736-8A62-D415240C741E}.Ad-Hoc|ARM.ActiveCfg = Ad-Hoc|iPhone
		{4B17601E-8F14-4736-8A62-D415240C741E}.Ad-Hoc|iPhone.ActiveCfg = Ad-Hoc|iPhone
		{4B17601E-8F14-4736-8A62-D415240C741E}.Ad-Hoc|iPhone.Build.0 = Ad-Hoc|iPhone
		{4B17601E-8F14-4736-8A62-D415240C741E}.Ad-Hoc|iPhoneSimulator.ActiveCfg = Ad-Hoc|iPhoneSimulator
		{4B17601E-8F14-4736-8A62-D415240C741E}.Ad-Hoc|iPhoneSimulator.Build.0 = Ad-Hoc|iPhoneSimulator
		{4B17601E-8F14-4736-8A62-D415240C741E}.Ad-Hoc|x64.ActiveCfg = Ad-Hoc|iPhone
		{4B17601E-8F14-4736-8A62-D415240C741E}.Ad-Hoc|x86.ActiveCfg = Ad-Hoc|iPhone
		{4B17601E-8F14-4736-8A62-D415240C741E}.AppStore|Any CPU.ActiveCfg = AppStore|iPhone
		{4B17601E-8F14-4736-8A62-D415240C741E}.AppStore|ARM.ActiveCfg = AppStore|iPhone
		{4B17601E-8F14-4736-8A62-D415240C741E}.AppStore|iPhone.ActiveCfg = AppStore|iPhone
		{4B17601E-8F14-4736-8A62-D415240C741E}.AppStore|iPhone.Build.0 = AppStore|iPhone
		{4B17601E-8F14-4736-8A62-D415240C741E}.AppStore|iPhoneSimulator.ActiveCfg = AppStore|iPhoneSimulator
		{4B17601E-8F14-4736-8A62-D415240C741E}.AppStore|iPhoneSimulator.Build.0 = AppStore|iPhoneSimulator
		{4B17601E-8F14-4736-8A62-D415240C741E}.AppStore|x64.ActiveCfg = AppStore|iPhone
		{4B17601E-8F14-4736-8A62-D415240C741E}.AppStore|x86.ActiveCfg = AppStore|iPhone
		{4B17601E-8F14-4736-8A62-D415240C741E}.Debug|Any CPU.ActiveCfg = Debug|iPhone
		{4B17601E-8F14-4736-8A62-D415240C741E}.Debug|ARM.ActiveCfg = Debug|iPhone
		{4B17601E-8F14-4736-8A62-D415240C741E}.Debug|iPhone.ActiveCfg = Debug|iPhone
		{4B17601E-8F14-4736-8A62-D415240C741E}.Debug|iPhone.Build.0 = Debug|iPhone
		{4B17601E-8F14-4736-8A62-D415240C741E}.Debug|iPhoneSimulator.ActiveCfg = Debug|iPhoneSimulator
		{4B17601E-8F14-4736-8A62-D415240C741E}.Debug|iPhoneSimulator.Build.0 = Debug|iPhoneSimulator
		{4B17601E-8F14-4736-8A62-D415240C741E}.Debug|x64.ActiveCfg = Debug|iPhone
		{4B17601E-8F14-4736-8A62-D415240C741E}.Debug|x86.ActiveCfg = Debug|iPhone
		{4B17601E-8F14-4736-8A62-D415240C741E}.Release|Any CPU.ActiveCfg = Release|iPhone
		{4B17601E-8F14-4736-8A62-D415240C741E}.Release|ARM.ActiveCfg = Release|iPhone
		{4B17601E-8F14-4736-8A62-D415240C741E}.Release|iPhone.ActiveCfg = Release|iPhone
		{4B17601E-8F14-4736-8A62-D415240C741E}.Release|iPhone.Build.0 = Release|iPhone
		{4B17601E-8F14-4736-8A62-D415240C741E}.Release|iPhoneSimulator.ActiveCfg = Release|iPhoneSimulator
		{4B17601E-8F14-4736-8A62-D415240C741E}.Release|iPhoneSimulator.Build.0 = Release|iPhoneSimulator
		{4B17601E-8F14-4736-8A62-D415240C741E}.Release|x64.ActiveCfg = Release|iPhone
		{4B17601E-8F14-4736-8A62-D415240C741E}.Release|x86.ActiveCfg = Release|iPhone
		{3687776A-F192-492A-A812-A65D9DE10E21}.Ad-Hoc|Any CPU.ActiveCfg = Release|Any CPU
		{3687776A-F192-492A-A812-A65D9DE10E21}.Ad-Hoc|Any CPU.Build.0 = Release|Any CPU
		{3687776A-F192-492A-A812-A65D9DE10E21}.Ad-Hoc|Any CPU.Deploy.0 = Release|Any CPU
		{3687776A-F192-492A-A812-A65D9DE10E21}.Ad-Hoc|ARM.ActiveCfg = Release|ARM
		{3687776A-F192-492A-A812-A65D9DE10E21}.Ad-Hoc|ARM.Build.0 = Release|ARM
		{3687776A-F192-492A-A812-A65D9DE10E21}.Ad-Hoc|ARM.Deploy.0 = Release|ARM
		{3687776A-F192-492A-A812-A65D9DE10E21}.Ad-Hoc|iPhone.ActiveCfg = Release|Any CPU
		{3687776A-F192-492A-A812-A65D9DE10E21}.Ad-Hoc|iPhone.Build.0 = Release|Any CPU
		{3687776A-F192-492A-A812-A65D9DE10E21}.Ad-Hoc|iPhone.Deploy.0 = Release|Any CPU
		{3687776A-F192-492A-A812-A65D9DE10E21}.Ad-Hoc|iPhoneSimulator.ActiveCfg = Release|Any CPU
		{3687776A-F192-492A-A812-A65D9DE10E21}.Ad-Hoc|iPhoneSimulator.Build.0 = Release|Any CPU
		{3687776A-F192-492A-A812-A65D9DE10E21}.Ad-Hoc|iPhoneSimulator.Deploy.0 = Release|Any CPU
		{3687776A-F192-492A-A812-A65D9DE10E21}.Ad-Hoc|x64.ActiveCfg = Release|Any CPU
		{3687776A-F192-492A-A812-A65D9DE10E21}.Ad-Hoc|x64.Build.0 = Release|Any CPU
		{3687776A-F192-492A-A812-A65D9DE10E21}.Ad-Hoc|x64.Deploy.0 = Release|Any CPU
		{3687776A-F192-492A-A812-A65D9DE10E21}.Ad-Hoc|x86.ActiveCfg = Release|x86
		{3687776A-F192-492A-A812-A65D9DE10E21}.Ad-Hoc|x86.Build.0 = Release|x86
		{3687776A-F192-492A-A812-A65D9DE10E21}.Ad-Hoc|x86.Deploy.0 = Release|x86
		{3687776A-F192-492A-A812-A65D9DE10E21}.AppStore|Any CPU.ActiveCfg = Release|Any CPU
		{3687776A-F192-492A-A812-A65D9DE10E21}.AppStore|Any CPU.Build.0 = Release|Any CPU
		{3687776A-F192-492A-A812-A65D9DE10E21}.AppStore|Any CPU.Deploy.0 = Release|Any CPU
		{3687776A-F192-492A-A812-A65D9DE10E21}.AppStore|ARM.ActiveCfg = Release|ARM
		{3687776A-F192-492A-A812-A65D9DE10E21}.AppStore|ARM.Build.0 = Release|ARM
		{3687776A-F192-492A-A812-A65D9DE10E21}.AppStore|ARM.Deploy.0 = Release|ARM
		{3687776A-F192-492A-A812-A65D9DE10E21}.AppStore|iPhone.ActiveCfg = Release|Any CPU
		{3687776A-F192-492A-A812-A65D9DE10E21}.AppStore|iPhone.Build.0 = Release|Any CPU
		{3687776A-F192-492A-A812-A65D9DE10E21}.AppStore|iPhone.Deploy.0 = Release|Any CPU
		{3687776A-F192-492A-A812-A65D9DE10E21}.AppStore|iPhoneSimulator.ActiveCfg = Release|Any CPU
		{3687776A-F192-492A-A812-A65D9DE10E21}.AppStore|iPhoneSimulator.Build.0 = Release|Any CPU
		{3687776A-F192-492A-A812-A65D9DE10E21}.AppStore|iPhoneSimulator.Deploy.0 = Release|Any CPU
		{3687776A-F192-492A-A812-A65D9DE10E21}.AppStore|x64.ActiveCfg = Release|Any CPU
		{3687776A-F192-492A-A812-A65D9DE10E21}.AppStore|x64.Build.0 = Release|Any CPU
		{3687776A-F192-492A-A812-A65D9DE10E21}.AppStore|x64.Deploy.0 = Release|Any CPU
		{3687776A-F192-492A-A812-A65D9DE10E21}.AppStore|x86.ActiveCfg = Release|x86
		{3687776A-F192-492A-A812-A65D9DE10E21}.AppStore|x86.Build.0 = Release|x86
		{3687776A-F192-492A-A812-A65D9DE10E21}.AppStore|x86.Deploy.0 = Release|x86
		{3687776A-F192-492A-A812-A65D9DE10E21}.Debug|Any CPU.ActiveCfg = Debug|Any CPU
		{3687776A-F192-492A-A812-A65D9DE10E21}.Debug|Any CPU.Build.0 = Debug|Any CPU
		{3687776A-F192-492A-A812-A65D9DE10E21}.Debug|Any CPU.Deploy.0 = Debug|Any CPU
		{3687776A-F192-492A-A812-A65D9DE10E21}.Debug|ARM.ActiveCfg = Debug|ARM
		{3687776A-F192-492A-A812-A65D9DE10E21}.Debug|ARM.Build.0 = Debug|ARM
		{3687776A-F192-492A-A812-A65D9DE10E21}.Debug|ARM.Deploy.0 = Debug|ARM
		{3687776A-F192-492A-A812-A65D9DE10E21}.Debug|iPhone.ActiveCfg = Debug|Any CPU
		{3687776A-F192-492A-A812-A65D9DE10E21}.Debug|iPhone.Build.0 = Debug|Any CPU
		{3687776A-F192-492A-A812-A65D9DE10E21}.Debug|iPhone.Deploy.0 = Debug|Any CPU
		{3687776A-F192-492A-A812-A65D9DE10E21}.Debug|iPhoneSimulator.ActiveCfg = Debug|Any CPU
		{3687776A-F192-492A-A812-A65D9DE10E21}.Debug|iPhoneSimulator.Build.0 = Debug|Any CPU
		{3687776A-F192-492A-A812-A65D9DE10E21}.Debug|iPhoneSimulator.Deploy.0 = Debug|Any CPU
		{3687776A-F192-492A-A812-A65D9DE10E21}.Debug|x64.ActiveCfg = Debug|Any CPU
		{3687776A-F192-492A-A812-A65D9DE10E21}.Debug|x64.Build.0 = Debug|Any CPU
		{3687776A-F192-492A-A812-A65D9DE10E21}.Debug|x64.Deploy.0 = Debug|Any CPU
		{3687776A-F192-492A-A812-A65D9DE10E21}.Debug|x86.ActiveCfg = Debug|x86
		{3687776A-F192-492A-A812-A65D9DE10E21}.Debug|x86.Build.0 = Debug|x86
		{3687776A-F192-492A-A812-A65D9DE10E21}.Debug|x86.Deploy.0 = Debug|x86
		{3687776A-F192-492A-A812-A65D9DE10E21}.Release|Any CPU.ActiveCfg = Release|Any CPU
		{3687776A-F192-492A-A812-A65D9DE10E21}.Release|Any CPU.Build.0 = Release|Any CPU
		{3687776A-F192-492A-A812-A65D9DE10E21}.Release|Any CPU.Deploy.0 = Release|Any CPU
		{3687776A-F192-492A-A812-A65D9DE10E21}.Release|ARM.ActiveCfg = Release|ARM
		{3687776A-F192-492A-A812-A65D9DE10E21}.Release|ARM.Build.0 = Release|ARM
		{3687776A-F192-492A-A812-A65D9DE10E21}.Release|ARM.Deploy.0 = Release|ARM
		{3687776A-F192-492A-A812-A65D9DE10E21}.Release|iPhone.ActiveCfg = Release|Any CPU
		{3687776A-F192-492A-A812-A65D9DE10E21}.Release|iPhone.Build.0 = Release|Any CPU
		{3687776A-F192-492A-A812-A65D9DE10E21}.Release|iPhone.Deploy.0 = Release|Any CPU
		{3687776A-F192-492A-A812-A65D9DE10E21}.Release|iPhoneSimulator.ActiveCfg = Release|Any CPU
		{3687776A-F192-492A-A812-A65D9DE10E21}.Release|iPhoneSimulator.Build.0 = Release|Any CPU
		{3687776A-F192-492A-A812-A65D9DE10E21}.Release|iPhoneSimulator.Deploy.0 = Release|Any CPU
		{3687776A-F192-492A-A812-A65D9DE10E21}.Release|x64.ActiveCfg = Release|Any CPU
		{3687776A-F192-492A-A812-A65D9DE10E21}.Release|x64.Build.0 = Release|Any CPU
		{3687776A-F192-492A-A812-A65D9DE10E21}.Release|x64.Deploy.0 = Release|Any CPU
		{3687776A-F192-492A-A812-A65D9DE10E21}.Release|x86.ActiveCfg = Release|x86
		{3687776A-F192-492A-A812-A65D9DE10E21}.Release|x86.Build.0 = Release|x86
		{3687776A-F192-492A-A812-A65D9DE10E21}.Release|x86.Deploy.0 = Release|x86
		{9E5E78B4-5261-4CE0-9E96-010D19C3B080}.Ad-Hoc|Any CPU.ActiveCfg = Release|x86
		{9E5E78B4-5261-4CE0-9E96-010D19C3B080}.Ad-Hoc|Any CPU.Build.0 = Release|x86
		{9E5E78B4-5261-4CE0-9E96-010D19C3B080}.Ad-Hoc|Any CPU.Deploy.0 = Release|x86
		{9E5E78B4-5261-4CE0-9E96-010D19C3B080}.Ad-Hoc|ARM.ActiveCfg = Release|ARM
		{9E5E78B4-5261-4CE0-9E96-010D19C3B080}.Ad-Hoc|ARM.Build.0 = Release|ARM
		{9E5E78B4-5261-4CE0-9E96-010D19C3B080}.Ad-Hoc|ARM.Deploy.0 = Release|ARM
		{9E5E78B4-5261-4CE0-9E96-010D19C3B080}.Ad-Hoc|iPhone.ActiveCfg = Release|x86
		{9E5E78B4-5261-4CE0-9E96-010D19C3B080}.Ad-Hoc|iPhone.Build.0 = Release|x86
		{9E5E78B4-5261-4CE0-9E96-010D19C3B080}.Ad-Hoc|iPhone.Deploy.0 = Release|x86
		{9E5E78B4-5261-4CE0-9E96-010D19C3B080}.Ad-Hoc|iPhoneSimulator.ActiveCfg = Release|x86
		{9E5E78B4-5261-4CE0-9E96-010D19C3B080}.Ad-Hoc|iPhoneSimulator.Build.0 = Release|x86
		{9E5E78B4-5261-4CE0-9E96-010D19C3B080}.Ad-Hoc|iPhoneSimulator.Deploy.0 = Release|x86
		{9E5E78B4-5261-4CE0-9E96-010D19C3B080}.Ad-Hoc|x64.ActiveCfg = Release|x64
		{9E5E78B4-5261-4CE0-9E96-010D19C3B080}.Ad-Hoc|x64.Build.0 = Release|x64
		{9E5E78B4-5261-4CE0-9E96-010D19C3B080}.Ad-Hoc|x64.Deploy.0 = Release|x64
		{9E5E78B4-5261-4CE0-9E96-010D19C3B080}.Ad-Hoc|x86.ActiveCfg = Release|x86
		{9E5E78B4-5261-4CE0-9E96-010D19C3B080}.Ad-Hoc|x86.Build.0 = Release|x86
		{9E5E78B4-5261-4CE0-9E96-010D19C3B080}.Ad-Hoc|x86.Deploy.0 = Release|x86
		{9E5E78B4-5261-4CE0-9E96-010D19C3B080}.AppStore|Any CPU.ActiveCfg = Release|x86
		{9E5E78B4-5261-4CE0-9E96-010D19C3B080}.AppStore|Any CPU.Build.0 = Release|x86
		{9E5E78B4-5261-4CE0-9E96-010D19C3B080}.AppStore|Any CPU.Deploy.0 = Release|x86
		{9E5E78B4-5261-4CE0-9E96-010D19C3B080}.AppStore|ARM.ActiveCfg = Release|ARM
		{9E5E78B4-5261-4CE0-9E96-010D19C3B080}.AppStore|ARM.Build.0 = Release|ARM
		{9E5E78B4-5261-4CE0-9E96-010D19C3B080}.AppStore|ARM.Deploy.0 = Release|ARM
		{9E5E78B4-5261-4CE0-9E96-010D19C3B080}.AppStore|iPhone.ActiveCfg = Release|x86
		{9E5E78B4-5261-4CE0-9E96-010D19C3B080}.AppStore|iPhone.Build.0 = Release|x86
		{9E5E78B4-5261-4CE0-9E96-010D19C3B080}.AppStore|iPhone.Deploy.0 = Release|x86
		{9E5E78B4-5261-4CE0-9E96-010D19C3B080}.AppStore|iPhoneSimulator.ActiveCfg = Release|x86
		{9E5E78B4-5261-4CE0-9E96-010D19C3B080}.AppStore|iPhoneSimulator.Build.0 = Release|x86
		{9E5E78B4-5261-4CE0-9E96-010D19C3B080}.AppStore|iPhoneSimulator.Deploy.0 = Release|x86
		{9E5E78B4-5261-4CE0-9E96-010D19C3B080}.AppStore|x64.ActiveCfg = Release|x64
		{9E5E78B4-5261-4CE0-9E96-010D19C3B080}.AppStore|x64.Build.0 = Release|x64
		{9E5E78B4-5261-4CE0-9E96-010D19C3B080}.AppStore|x64.Deploy.0 = Release|x64
		{9E5E78B4-5261-4CE0-9E96-010D19C3B080}.AppStore|x86.ActiveCfg = Release|x86
		{9E5E78B4-5261-4CE0-9E96-010D19C3B080}.AppStore|x86.Build.0 = Release|x86
		{9E5E78B4-5261-4CE0-9E96-010D19C3B080}.AppStore|x86.Deploy.0 = Release|x86
		{9E5E78B4-5261-4CE0-9E96-010D19C3B080}.Debug|Any CPU.ActiveCfg = Debug|x86
		{9E5E78B4-5261-4CE0-9E96-010D19C3B080}.Debug|ARM.ActiveCfg = Debug|ARM
		{9E5E78B4-5261-4CE0-9E96-010D19C3B080}.Debug|ARM.Build.0 = Debug|ARM
		{9E5E78B4-5261-4CE0-9E96-010D19C3B080}.Debug|ARM.Deploy.0 = Debug|ARM
		{9E5E78B4-5261-4CE0-9E96-010D19C3B080}.Debug|iPhone.ActiveCfg = Debug|x86
		{9E5E78B4-5261-4CE0-9E96-010D19C3B080}.Debug|iPhoneSimulator.ActiveCfg = Debug|x86
		{9E5E78B4-5261-4CE0-9E96-010D19C3B080}.Debug|x64.ActiveCfg = Debug|x64
		{9E5E78B4-5261-4CE0-9E96-010D19C3B080}.Debug|x64.Build.0 = Debug|x64
		{9E5E78B4-5261-4CE0-9E96-010D19C3B080}.Debug|x64.Deploy.0 = Debug|x64
		{9E5E78B4-5261-4CE0-9E96-010D19C3B080}.Debug|x86.ActiveCfg = Debug|x86
		{9E5E78B4-5261-4CE0-9E96-010D19C3B080}.Debug|x86.Build.0 = Debug|x86
		{9E5E78B4-5261-4CE0-9E96-010D19C3B080}.Debug|x86.Deploy.0 = Debug|x86
		{9E5E78B4-5261-4CE0-9E96-010D19C3B080}.Release|Any CPU.ActiveCfg = Release|x86
		{9E5E78B4-5261-4CE0-9E96-010D19C3B080}.Release|ARM.ActiveCfg = Release|ARM
		{9E5E78B4-5261-4CE0-9E96-010D19C3B080}.Release|ARM.Build.0 = Release|ARM
		{9E5E78B4-5261-4CE0-9E96-010D19C3B080}.Release|ARM.Deploy.0 = Release|ARM
		{9E5E78B4-5261-4CE0-9E96-010D19C3B080}.Release|iPhone.ActiveCfg = Release|x86
		{9E5E78B4-5261-4CE0-9E96-010D19C3B080}.Release|iPhoneSimulator.ActiveCfg = Release|x86
		{9E5E78B4-5261-4CE0-9E96-010D19C3B080}.Release|x64.ActiveCfg = Release|x64
		{9E5E78B4-5261-4CE0-9E96-010D19C3B080}.Release|x64.Build.0 = Release|x64
		{9E5E78B4-5261-4CE0-9E96-010D19C3B080}.Release|x64.Deploy.0 = Release|x64
		{9E5E78B4-5261-4CE0-9E96-010D19C3B080}.Release|x86.ActiveCfg = Release|x86
		{9E5E78B4-5261-4CE0-9E96-010D19C3B080}.Release|x86.Build.0 = Release|x86
		{9E5E78B4-5261-4CE0-9E96-010D19C3B080}.Release|x86.Deploy.0 = Release|x86
		{959DF689-293C-4E96-9DA0-24897BFDAB53}.Ad-Hoc|Any CPU.ActiveCfg = Release|Any CPU
		{959DF689-293C-4E96-9DA0-24897BFDAB53}.Ad-Hoc|Any CPU.Build.0 = Release|Any CPU
		{959DF689-293C-4E96-9DA0-24897BFDAB53}.Ad-Hoc|Any CPU.Deploy.0 = Release|Any CPU
		{959DF689-293C-4E96-9DA0-24897BFDAB53}.Ad-Hoc|ARM.ActiveCfg = Release|ARM
		{959DF689-293C-4E96-9DA0-24897BFDAB53}.Ad-Hoc|ARM.Build.0 = Release|ARM
		{959DF689-293C-4E96-9DA0-24897BFDAB53}.Ad-Hoc|ARM.Deploy.0 = Release|ARM
		{959DF689-293C-4E96-9DA0-24897BFDAB53}.Ad-Hoc|iPhone.ActiveCfg = Release|Any CPU
		{959DF689-293C-4E96-9DA0-24897BFDAB53}.Ad-Hoc|iPhone.Build.0 = Release|Any CPU
		{959DF689-293C-4E96-9DA0-24897BFDAB53}.Ad-Hoc|iPhone.Deploy.0 = Release|Any CPU
		{959DF689-293C-4E96-9DA0-24897BFDAB53}.Ad-Hoc|iPhoneSimulator.ActiveCfg = Release|Any CPU
		{959DF689-293C-4E96-9DA0-24897BFDAB53}.Ad-Hoc|iPhoneSimulator.Build.0 = Release|Any CPU
		{959DF689-293C-4E96-9DA0-24897BFDAB53}.Ad-Hoc|iPhoneSimulator.Deploy.0 = Release|Any CPU
		{959DF689-293C-4E96-9DA0-24897BFDAB53}.Ad-Hoc|x64.ActiveCfg = Release|x64
		{959DF689-293C-4E96-9DA0-24897BFDAB53}.Ad-Hoc|x64.Build.0 = Release|x64
		{959DF689-293C-4E96-9DA0-24897BFDAB53}.Ad-Hoc|x64.Deploy.0 = Release|x64
		{959DF689-293C-4E96-9DA0-24897BFDAB53}.Ad-Hoc|x86.ActiveCfg = Release|x86
		{959DF689-293C-4E96-9DA0-24897BFDAB53}.Ad-Hoc|x86.Build.0 = Release|x86
		{959DF689-293C-4E96-9DA0-24897BFDAB53}.Ad-Hoc|x86.Deploy.0 = Release|x86
		{959DF689-293C-4E96-9DA0-24897BFDAB53}.AppStore|Any CPU.ActiveCfg = Release|Any CPU
		{959DF689-293C-4E96-9DA0-24897BFDAB53}.AppStore|Any CPU.Build.0 = Release|Any CPU
		{959DF689-293C-4E96-9DA0-24897BFDAB53}.AppStore|Any CPU.Deploy.0 = Release|Any CPU
		{959DF689-293C-4E96-9DA0-24897BFDAB53}.AppStore|ARM.ActiveCfg = Release|ARM
		{959DF689-293C-4E96-9DA0-24897BFDAB53}.AppStore|ARM.Build.0 = Release|ARM
		{959DF689-293C-4E96-9DA0-24897BFDAB53}.AppStore|ARM.Deploy.0 = Release|ARM
		{959DF689-293C-4E96-9DA0-24897BFDAB53}.AppStore|iPhone.ActiveCfg = Release|Any CPU
		{959DF689-293C-4E96-9DA0-24897BFDAB53}.AppStore|iPhone.Build.0 = Release|Any CPU
		{959DF689-293C-4E96-9DA0-24897BFDAB53}.AppStore|iPhone.Deploy.0 = Release|Any CPU
		{959DF689-293C-4E96-9DA0-24897BFDAB53}.AppStore|iPhoneSimulator.ActiveCfg = Release|Any CPU
		{959DF689-293C-4E96-9DA0-24897BFDAB53}.AppStore|iPhoneSimulator.Build.0 = Release|Any CPU
		{959DF689-293C-4E96-9DA0-24897BFDAB53}.AppStore|iPhoneSimulator.Deploy.0 = Release|Any CPU
		{959DF689-293C-4E96-9DA0-24897BFDAB53}.AppStore|x64.ActiveCfg = Release|x64
		{959DF689-293C-4E96-9DA0-24897BFDAB53}.AppStore|x64.Build.0 = Release|x64
		{959DF689-293C-4E96-9DA0-24897BFDAB53}.AppStore|x64.Deploy.0 = Release|x64
		{959DF689-293C-4E96-9DA0-24897BFDAB53}.AppStore|x86.ActiveCfg = Release|x86
		{959DF689-293C-4E96-9DA0-24897BFDAB53}.AppStore|x86.Build.0 = Release|x86
		{959DF689-293C-4E96-9DA0-24897BFDAB53}.AppStore|x86.Deploy.0 = Release|x86
		{959DF689-293C-4E96-9DA0-24897BFDAB53}.Debug|Any CPU.ActiveCfg = Debug|Any CPU
		{959DF689-293C-4E96-9DA0-24897BFDAB53}.Debug|Any CPU.Build.0 = Debug|Any CPU
		{959DF689-293C-4E96-9DA0-24897BFDAB53}.Debug|Any CPU.Deploy.0 = Debug|Any CPU
		{959DF689-293C-4E96-9DA0-24897BFDAB53}.Debug|ARM.ActiveCfg = Debug|ARM
		{959DF689-293C-4E96-9DA0-24897BFDAB53}.Debug|ARM.Build.0 = Debug|ARM
		{959DF689-293C-4E96-9DA0-24897BFDAB53}.Debug|ARM.Deploy.0 = Debug|ARM
		{959DF689-293C-4E96-9DA0-24897BFDAB53}.Debug|iPhone.ActiveCfg = Debug|Any CPU
		{959DF689-293C-4E96-9DA0-24897BFDAB53}.Debug|iPhone.Build.0 = Debug|Any CPU
		{959DF689-293C-4E96-9DA0-24897BFDAB53}.Debug|iPhone.Deploy.0 = Debug|Any CPU
		{959DF689-293C-4E96-9DA0-24897BFDAB53}.Debug|iPhoneSimulator.ActiveCfg = Debug|Any CPU
		{959DF689-293C-4E96-9DA0-24897BFDAB53}.Debug|iPhoneSimulator.Build.0 = Debug|Any CPU
		{959DF689-293C-4E96-9DA0-24897BFDAB53}.Debug|iPhoneSimulator.Deploy.0 = Debug|Any CPU
		{959DF689-293C-4E96-9DA0-24897BFDAB53}.Debug|x64.ActiveCfg = Debug|x64
		{959DF689-293C-4E96-9DA0-24897BFDAB53}.Debug|x64.Build.0 = Debug|x64
		{959DF689-293C-4E96-9DA0-24897BFDAB53}.Debug|x64.Deploy.0 = Debug|x64
		{959DF689-293C-4E96-9DA0-24897BFDAB53}.Debug|x86.ActiveCfg = Debug|x86
		{959DF689-293C-4E96-9DA0-24897BFDAB53}.Debug|x86.Build.0 = Debug|x86
		{959DF689-293C-4E96-9DA0-24897BFDAB53}.Debug|x86.Deploy.0 = Debug|x86
		{959DF689-293C-4E96-9DA0-24897BFDAB53}.Release|Any CPU.ActiveCfg = Release|Any CPU
		{959DF689-293C-4E96-9DA0-24897BFDAB53}.Release|Any CPU.Build.0 = Release|Any CPU
		{959DF689-293C-4E96-9DA0-24897BFDAB53}.Release|Any CPU.Deploy.0 = Release|Any CPU
		{959DF689-293C-4E96-9DA0-24897BFDAB53}.Release|ARM.ActiveCfg = Release|ARM
		{959DF689-293C-4E96-9DA0-24897BFDAB53}.Release|ARM.Build.0 = Release|ARM
		{959DF689-293C-4E96-9DA0-24897BFDAB53}.Release|ARM.Deploy.0 = Release|ARM
		{959DF689-293C-4E96-9DA0-24897BFDAB53}.Release|iPhone.ActiveCfg = Release|Any CPU
		{959DF689-293C-4E96-9DA0-24897BFDAB53}.Release|iPhone.Build.0 = Release|Any CPU
		{959DF689-293C-4E96-9DA0-24897BFDAB53}.Release|iPhone.Deploy.0 = Release|Any CPU
		{959DF689-293C-4E96-9DA0-24897BFDAB53}.Release|iPhoneSimulator.ActiveCfg = Release|Any CPU
		{959DF689-293C-4E96-9DA0-24897BFDAB53}.Release|iPhoneSimulator.Build.0 = Release|Any CPU
		{959DF689-293C-4E96-9DA0-24897BFDAB53}.Release|iPhoneSimulator.Deploy.0 = Release|Any CPU
		{959DF689-293C-4E96-9DA0-24897BFDAB53}.Release|x64.ActiveCfg = Release|x64
		{959DF689-293C-4E96-9DA0-24897BFDAB53}.Release|x64.Build.0 = Release|x64
		{959DF689-293C-4E96-9DA0-24897BFDAB53}.Release|x64.Deploy.0 = Release|x64
		{959DF689-293C-4E96-9DA0-24897BFDAB53}.Release|x86.ActiveCfg = Release|x86
		{959DF689-293C-4E96-9DA0-24897BFDAB53}.Release|x86.Build.0 = Release|x86
		{959DF689-293C-4E96-9DA0-24897BFDAB53}.Release|x86.Deploy.0 = Release|x86
	EndGlobalSection
	GlobalSection(SolutionProperties) = preSolution
		HideSolutionNode = FALSE
	EndGlobalSection
EndGlobal
